
Microsoft Visual Studio Solution File, Format Version 12.00
# Visual Studio 15
VisualStudioVersion = 15.0.27703.1
MinimumVisualStudioVersion = 10.0.40219.1
Project("{FAE04EC0-301F-11D3-BF4B-00C04F79EFBC}") = "UserLikeActions", "UserLikeActions\UserLikeActions.csproj", "{D3DEC3B7-EDD2-452B-852B-D4EB8C5CCFB0}"
EndProject
Global
	GlobalSection(SolutionConfigurationPlatforms) = preSolution
		Debug|Any CPU = Debug|Any CPU
		Release|Any CPU = Release|Any CPU
	EndGlobalSection
	GlobalSection(ProjectConfigurationPlatforms) = postSolution
		{D3DEC3B7-EDD2-452B-852B-D4EB8C5CCFB0}.Debug|Any CPU.ActiveCfg = Debug|Any CPU
		{D3DEC3B7-EDD2-452B-852B-D4EB8C5CCFB0}.Debug|Any CPU.Build.0 = Debug|Any CPU
		{D3DEC3B7-EDD2-452B-852B-D4EB8C5CCFB0}.Release|Any CPU.ActiveCfg = Release|Any CPU
		{D3DEC3B7-EDD2-452B-852B-D4EB8C5CCFB0}.Release|Any CPU.Build.0 = Release|Any CPU
	EndGlobalSection
	GlobalSection(SolutionProperties) = preSolution
		HideSolutionNode = FALSE
	EndGlobalSection
	GlobalSection(ExtensibilityGlobals) = postSolution
		SolutionGuid = {7264417A-EA31-46AC-A561-1F78327B09FF}
	EndGlobalSection
EndGlobal
