
Microsoft Visual Studio Solution File, Format Version 12.00
# Visual Studio 15
VisualStudioVersion = 15.0.27703.1
MinimumVisualStudioVersion = 10.0.40219.1
Project("{FAE04EC0-301F-11D3-BF4B-00C04F79EFBC}") = "SetupEnv", "SetupEnv\SetupEnv.csproj", "{44359C3A-0485-4FA1-A8BD-3B69B4022B10}"
EndProject
Global
	GlobalSection(SolutionConfigurationPlatforms) = preSolution
		Debug|Any CPU = Debug|Any CPU
		Release|Any CPU = Release|Any CPU
	EndGlobalSection
	GlobalSection(ProjectConfigurationPlatforms) = postSolution
		{44359C3A-0485-4FA1-A8BD-3B69B4022B10}.Debug|Any CPU.ActiveCfg = Debug|Any CPU
		{44359C3A-0485-4FA1-A8BD-3B69B4022B10}.Debug|Any CPU.Build.0 = Debug|Any CPU
		{44359C3A-0485-4FA1-A8BD-3B69B4022B10}.Release|Any CPU.ActiveCfg = Release|Any CPU
		{44359C3A-0485-4FA1-A8BD-3B69B4022B10}.Release|Any CPU.Build.0 = Release|Any CPU
	EndGlobalSection
	GlobalSection(SolutionProperties) = preSolution
		HideSolutionNode = FALSE
	EndGlobalSection
	GlobalSection(ExtensibilityGlobals) = postSolution
		SolutionGuid = {795F9889-C449-46A4-8D0E-062897AB5774}
	EndGlobalSection
EndGlobal
